{
  "name": "id-demo",
  "version": "1.0.0",
  "lockfileVersion": 1,
  "requires": true,
  "dependencies": {
    "jquery": {
      "version": "3.6.1",
      "resolved": "https://registry.npmjs.org/jquery/-/jquery-3.6.1.tgz",
      "integrity": "sha512-opJeO4nCucVnsjiXOE+/PcCgYw9Gwpvs/a6B1LL/lQhwWwpbVEVYDZ1FokFr8PRc7ghYlrFPuyHuiiDNTQxmcw=="
    },
    "oojs": {
      "version": "6.0.0",
      "resolved": "https://registry.npmjs.org/oojs/-/oojs-6.0.0.tgz",
      "integrity": "sha512-fdHt6ZKTOQmVFdFwfM84CuoWAQquQnfqOmIjKFANoQmORTBCExTEOIAPVkYDNSUBAqBt2FtTMIHMplsR3XgU7g=="
    },
    "oojs-ui": {
      "version": "0.46.3",
      "resolved": "https://registry.npmjs.org/oojs-ui/-/oojs-ui-0.46.3.tgz",
      "integrity": "sha512-ViZMxh3+H6ZYR37VL9JSyG2CeWETR8BAs1M37PIoeJjOIkDpi4LaZuZD3zt5UiFVJs6Miung3ijy+4zrpaJLNQ==",
      "requires": {
        "jquery": "3.6.1",
        "oojs": "6.0.0",
        "wikimedia-ui-base": "0.21.0"
      }
    },
    "wikimedia-ui-base": {
      "version": "0.21.0",
      "resolved": "https://registry.npmjs.org/wikimedia-ui-base/-/wikimedia-ui-base-0.21.0.tgz",
      "integrity": "sha512-aN4g4td0Im2cr9Ex6mtc13u2nDiH2T39ysY5E5Ik326ZO27zOe3Klz9VFecQNB0BiLQrozLFkt/hyBF/rf1xXg=="
    }
  }
}
